
Microsoft Visual Studio Solution File, Format Version 12.00
# Visual Studio Version 16
VisualStudioVersion = 16.0.30907.101
MinimumVisualStudioVersion = 10.0.40219.1
Project("{FAE04EC0-301F-11D3-BF4B-00C04F79EFBC}") = "ProductList", "ProductList\ProductList.csproj", "{BDF62166-C39F-4281-B291-DE55CAD79ADB}"
EndProject
Global
	GlobalSection(SolutionConfigurationPlatforms) = preSolution
		Debug|Any CPU = Debug|Any CPU
		Release|Any CPU = Release|Any CPU
	EndGlobalSection
	GlobalSection(ProjectConfigurationPlatforms) = postSolution
		{BDF62166-C39F-4281-B291-DE55CAD79ADB}.Debug|Any CPU.ActiveCfg = Debug|Any CPU
		{BDF62166-C39F-4281-B291-DE55CAD79ADB}.Debug|Any CPU.Build.0 = Debug|Any CPU
		{BDF62166-C39F-4281-B291-DE55CAD79ADB}.Release|Any CPU.ActiveCfg = Release|Any CPU
		{BDF62166-C39F-4281-B291-DE55CAD79ADB}.Release|Any CPU.Build.0 = Release|Any CPU
	EndGlobalSection
	GlobalSection(SolutionProperties) = preSolution
		HideSolutionNode = FALSE
	EndGlobalSection
	GlobalSection(ExtensibilityGlobals) = postSolution
		SolutionGuid = {DA6A5745-6F95-47D4-8423-A7FFF107AFB3}
	EndGlobalSection
EndGlobal
